// !$*UTF8*$!
{
	archiveVersion = 1;
	classes = {
	};
	objectVersion = 46;
	objects = {

/* Begin PBXBuildFile section */
		819769601C88F55A005FC562 /* CameraOverlay.swift in Sources */ = {isa = PBXBuildFile; fileRef = 8197695F1C88F55A005FC562 /* CameraOverlay.swift */; };
		81FA0C671C80F0E500A8344F /* AppDelegate.swift in Sources */ = {isa = PBXBuildFile; fileRef = 81FA0C661C80F0E500A8344F /* AppDelegate.swift */; };
		81FA0C691C80F0E500A8344F /* ViewController.swift in Sources */ = {isa = PBXBuildFile; fileRef = 81FA0C681C80F0E500A8344F /* ViewController.swift */; };
		81FA0C6C1C80F0E500A8344F /* Main.storyboard in Resources */ = {isa = PBXBuildFile; fileRef = 81FA0C6A1C80F0E500A8344F /* Main.storyboard */; };
		81FA0C6F1C80F0E500A8344F /* CameraTesting.xcdatamodeld in Sources */ = {isa = PBXBuildFile; fileRef = 81FA0C6D1C80F0E500A8344F /* CameraTesting.xcdatamodeld */; };
		81FA0C711C80F0E500A8344F /* Assets.xcassets in Resources */ = {isa = PBXBuildFile; fileRef = 81FA0C701C80F0E500A8344F /* Assets.xcassets */; };
		81FA0C741C80F0E500A8344F /* LaunchScreen.storyboard in Resources */ = {isa = PBXBuildFile; fileRef = 81FA0C721C80F0E500A8344F /* LaunchScreen.storyboard */; };
/* End PBXBuildFile section */

/* Begin PBXFileReference section */
		8197695F1C88F55A005FC562 /* CameraOverlay.swift */ = {isa = PBXFileReference; fileEncoding = 4; lastKnownFileType = sourcecode.swift; path = CameraOverlay.swift; sourceTree = "<group>"; };
		81FA0C631C80F0E500A8344F /* CameraTesting.app */ = {isa = PBXFileReference; explicitFileType = wrapper.application; includeInIndex = 0; path = CameraTesting.app; sourceTree = BUILT_PRODUCTS_DIR; };
		81FA0C661C80F0E500A8344F /* AppDelegate.swift */ = {isa = PBXFileReference; lastKnownFileType = sourcecode.swift; path = AppDelegate.swift; sourceTree = "<group>"; };
		81FA0C681C80F0E500A8344F /* ViewController.swift */ = {isa = PBXFileReference; lastKnownFileType = sourcecode.swift; path = ViewController.swift; sourceTree = "<group>"; };
		81FA0C6B1C80F0E500A8344F /* Base */ = {isa = PBXFileReference; lastKnownFileType = file.storyboard; name = Base; path = Base.lproj/Main.storyboard; sourceTree = "<group>"; };
		81FA0C6E1C80F0E500A8344F /* CameraTesting.xcdatamodel */ = {isa = PBXFileReference; lastKnownFileType = wrapper.xcdatamodel; path = CameraTesting.xcdatamodel; sourceTree = "<group>"; };
		81FA0C701C80F0E500A8344F /* Assets.xcassets */ = {isa = PBXFileReference; lastKnownFileType = folder.assetcatalog; path = Assets.xcassets; sourceTree = "<group>"; };
		81FA0C731C80F0E500A8344F /* Base */ = {isa = PBXFileReference; lastKnownFileType = file.storyboard; name = Base; path = Base.lproj/LaunchScreen.storyboard; sourceTree = "<group>"; };
		81FA0C751C80F0E500A8344F /* Info.plist */ = {isa = PBXFileReference; lastKnownFileType = text.plist.xml; path = Info.plist; sourceTree = "<group>"; };
/* End PBXFileReference section */

/* Begin PBXFrameworksBuildPhase section */
		81FA0C601C80F0E500A8344F /* Frameworks */ = {
			isa = PBXFrameworksBuildPhase;
			buildActionMask = 2147483647;
			files = (
			);
			runOnlyForDeploymentPostprocessing = 0;
		};
/* End PBXFrameworksBuildPhase section */

/* Begin PBXGroup section */
		8197695E1C8788AC005FC562 /* Support */ = {
			isa = PBXGroup;
			children = (
				81FA0C701C80F0E500A8344F /* Assets.xcassets */,
				81FA0C721C80F0E500A8344F /* LaunchScreen.storyboard */,
				81FA0C751C80F0E500A8344F /* Info.plist */,
				81FA0C6D1C80F0E500A8344F /* CameraTesting.xcdatamodeld */,
				81FA0C661C80F0E500A8344F /* AppDelegate.swift */,
			);
			name = Support;
			path = CameraTesting;
			sourceTree = "<group>";
		};
		81FA0C5A1C80F0E400A8344F = {
			isa = PBXGroup;
			children = (
				81FA0C651C80F0E500A8344F /* CameraTesting */,
				8197695E1C8788AC005FC562 /* Support */,
				81FA0C641C80F0E500A8344F /* Products */,
			);
			sourceTree = "<group>";
		};
		81FA0C641C80F0E500A8344F /* Products */ = {
			isa = PBXGroup;
			children = (
				81FA0C631C80F0E500A8344F /* CameraTesting.app */,
			);
			name = Products;
			sourceTree = "<group>";
		};
		81FA0C651C80F0E500A8344F /* CameraTesting */ = {
			isa = PBXGroup;
			children = (
				81FA0C681C80F0E500A8344F /* ViewController.swift */,
				8197695F1C88F55A005FC562 /* CameraOverlay.swift */,
				81FA0C6A1C80F0E500A8344F /* Main.storyboard */,
			);
			path = CameraTesting;
			sourceTree = "<group>";
		};
/* End PBXGroup section */

/* Begin PBXNativeTarget section */
		81FA0C621C80F0E500A8344F /* CameraTesting */ = {
			isa = PBXNativeTarget;
			buildConfigurationList = 81FA0C781C80F0E500A8344F /* Build configuration list for PBXNativeTarget "CameraTesting" */;
			buildPhases = (
				81FA0C5F1C80F0E500A8344F /* Sources */,
				81FA0C601C80F0E500A8344F /* Frameworks */,
				81FA0C611C80F0E500A8344F /* Resources */,
			);
			buildRules = (
			);
			dependencies = (
			);
			name = CameraTesting;
			productName = CameraTesting;
			productReference = 81FA0C631C80F0E500A8344F /* CameraTesting.app */;
			productType = "com.apple.product-type.application";
		};
/* End PBXNativeTarget section */

/* Begin PBXProject section */
		81FA0C5B1C80F0E400A8344F /* Project object */ = {
			isa = PBXProject;
			attributes = {
				LastSwiftUpdateCheck = 0720;
				LastUpgradeCheck = 0720;
				ORGANIZATIONNAME = "Chris Cantley";
				TargetAttributes = {
					81FA0C621C80F0E500A8344F = {
						CreatedOnToolsVersion = 7.2;
					};
				};
			};
			buildConfigurationList = 81FA0C5E1C80F0E500A8344F /* Build configuration list for PBXProject "CameraTesting" */;
			compatibilityVersion = "Xcode 3.2";
			developmentRegion = English;
			hasScannedForEncodings = 0;
			knownRegions = (
				en,
				Base,
			);
			mainGroup = 81FA0C5A1C80F0E400A8344F;
			productRefGroup = 81FA0C641C80F0E500A8344F /* Products */;
			projectDirPath = "";
			projectRoot = "";
			targets = (
				81FA0C621C80F0E500A8344F /* CameraTesting */,
			);
		};
/* End PBXProject section */

/* Begin PBXResourcesBuildPhase section */
		81FA0C611C80F0E500A8344F /* Resources */ = {
			isa = PBXResourcesBuildPhase;
			buildActionMask = 2147483647;
			files = (
				81FA0C741C80F0E500A8344F /* LaunchScreen.storyboard in Resources */,
				81FA0C711C80F0E500A8344F /* Assets.xcassets in Resources */,
				81FA0C6C1C80F0E500A8344F /* Main.storyboard in Resources */,
			);
			runOnlyForDeploymentPostprocessing = 0;
		};
/* End PBXResourcesBuildPhase section */

/* Begin PBXSourcesBuildPhase section */
		81FA0C5F1C80F0E500A8344F /* Sources */ = {
			isa = PBXSourcesBuildPhase;
			buildActionMask = 2147483647;
			files = (
				81FA0C691C80F0E500A8344F /* ViewController.swift in Sources */,
				819769601C88F55A005FC562 /* CameraOverlay.swift in Sources */,
				81FA0C671C80F0E500A8344F /* AppDelegate.swift in Sources */,
				81FA0C6F1C80F0E500A8344F /* CameraTesting.xcdatamodeld in Sources */,
			);
			runOnlyForDeploymentPostprocessing = 0;
		};
/* End PBXSourcesBuildPhase section */

/* Begin PBXVariantGroup section */
		81FA0C6A1C80F0E500A8344F /* Main.storyboard */ = {
			isa = PBXVariantGroup;
			children = (
				81FA0C6B1C80F0E500A8344F /* Base */,
			);
			name = Main.storyboard;
			sourceTree = "<group>";
		};
		81FA0C721C80F0E500A8344F /* LaunchScreen.storyboard */ = {
			isa = PBXVariantGroup;
			children = (
				81FA0C731C80F0E500A8344F /* Base */,
			);
			name = LaunchScreen.storyboard;
			sourceTree = "<group>";
		};
/* End PBXVariantGroup section */

/* Begin XCBuildConfiguration section */
		81FA0C761C80F0E500A8344F /* Debug */ = {
			isa = XCBuildConfiguration;
			buildSettings = {
				ALWAYS_SEARCH_USER_PATHS = NO;
				CLANG_CXX_LANGUAGE_STANDARD = "gnu++0x";
				CLANG_CXX_LIBRARY = "libc++";
				CLANG_ENABLE_MODULES = YES;
				CLANG_ENABLE_OBJC_ARC = YES;
				CLANG_WARN_BOOL_CONVERSION = YES;
				CLANG_WARN_CONSTANT_CONVERSION = YES;
				CLANG_WARN_DIRECT_OBJC_ISA_USAGE = YES_ERROR;
				CLANG_WARN_EMPTY_BODY = YES;
				CLANG_WARN_ENUM_CONVERSION = YES;
				CLANG_WARN_INT_CONVERSION = YES;
				CLANG_WARN_OBJC_ROOT_CLASS = YES_ERROR;
				CLANG_WARN_UNREACHABLE_CODE = YES;
				CLANG_WARN__DUPLICATE_METHOD_MATCH = YES;
				"CODE_SIGN_IDENTITY[sdk=iphoneos*]" = "iPhone Developer";
				COPY_PHASE_STRIP = NO;
				DEBUG_INFORMATION_FORMAT = dwarf;
				ENABLE_STRICT_OBJC_MSGSEND = YES;
				ENABLE_TESTABILITY = YES;
				GCC_C_LANGUAGE_STANDARD = gnu99;
				GCC_DYNAMIC_NO_PIC = NO;
				GCC_NO_COMMON_BLOCKS = YES;
				GCC_OPTIMIZATION_LEVEL = 0;
				GCC_PREPROCESSOR_DEFINITIONS = (
					"DEBUG=1",
					"$(inherited)",
				);
				GCC_WARN_64_TO_32_BIT_CONVERSION = YES;
				GCC_WARN_ABOUT_RETURN_TYPE = YES_ERROR;
				GCC_WARN_UNDECLARED_SELECTOR = YES;
				GCC_WARN_UNINITIALIZED_AUTOS = YES_AGGRESSIVE;
				GCC_WARN_UNUSED_FUNCTION = YES;
				GCC_WARN_UNUSED_VARIABLE = YES;
				IPHONEOS_DEPLOYMENT_TARGET = 9.2;
				MTL_ENABLE_DEBUG_INFO = YES;
				ONLY_ACTIVE_ARCH = YES;
				SDKROOT = iphoneos;
				SWIFT_OPTIMIZATION_LEVEL = "-Onone";
			};
			name = Debug;
		};
		81FA0C771C80F0E500A8344F /* Release */ = {
			isa = XCBuildConfiguration;
			buildSettings = {
				ALWAYS_SEARCH_USER_PATHS = NO;
				CLANG_CXX_LANGUAGE_STANDARD = "gnu++0x";
				CLANG_CXX_LIBRARY = "libc++";
				CLANG_ENABLE_MODULES = YES;
				CLANG_ENABLE_OBJC_ARC = YES;
				CLANG_WARN_BOOL_CONVERSION = YES;
				CLANG_WARN_CONSTANT_CONVERSION = YES;
				CLANG_WARN_DIRECT_OBJC_ISA_USAGE = YES_ERROR;
				CLANG_WARN_EMPTY_BODY = YES;
				CLANG_WARN_ENUM_CONVERSION = YES;
				CLANG_WARN_INT_CONVERSION = YES;
				CLANG_WARN_OBJC_ROOT_CLASS = YES_ERROR;
				CLANG_WARN_UNREACHABLE_CODE = YES;
				CLANG_WARN__DUPLICATE_METHOD_MATCH = YES;
				"CODE_SIGN_IDENTITY[sdk=iphoneos*]" = "iPhone Developer";
				COPY_PHASE_STRIP = NO;
				DEBUG_INFORMATION_FORMAT = "dwarf-with-dsym";
				ENABLE_NS_ASSERTIONS = NO;
				ENABLE_STRICT_OBJC_MSGSEND = YES;
				GCC_C_LANGUAGE_STANDARD = gnu99;
				GCC_NO_COMMON_BLOCKS = YES;
				GCC_WARN_64_TO_32_BIT_CONVERSION = YES;
				GCC_WARN_ABOUT_RETURN_TYPE = YES_ERROR;
				GCC_WARN_UNDECLARED_SELECTOR = YES;
				GCC_WARN_UNINITIALIZED_AUTOS = YES_AGGRESSIVE;
				GCC_WARN_UNUSED_FUNCTION = YES;
				GCC_WARN_UNUSED_VARIABLE = YES;
				IPHONEOS_DEPLOYMENT_TARGET = 9.2;
				MTL_ENABLE_DEBUG_INFO = NO;
				SDKROOT = iphoneos;
				VALIDATE_PRODUCT = YES;
			};
			name = Release;
		};
		81FA0C791C80F0E500A8344F /* Debug */ = {
			isa = XCBuildConfiguration;
			buildSettings = {
				ASSETCATALOG_COMPILER_APPICON_NAME = AppIcon;
				INFOPLIST_FILE = CameraTesting/Info.plist;
				LD_RUNPATH_SEARCH_PATHS = "$(inherited) @executable_path/Frameworks";
				PRODUCT_BUNDLE_IDENTIFIER = dev.claytonhomes.CameraTesting;
				PRODUCT_NAME = "$(TARGET_NAME)";
				SWIFT_OBJC_BRIDGING_HEADER = "";
			};
			name = Debug;
		};
		81FA0C7A1C80F0E500A8344F /* Release */ = {
			isa = XCBuildConfiguration;
			buildSettings = {
				ASSETCATALOG_COMPILER_APPICON_NAME = AppIcon;
				INFOPLIST_FILE = CameraTesting/Info.plist;
				LD_RUNPATH_SEARCH_PATHS = "$(inherited) @executable_path/Frameworks";
				PRODUCT_BUNDLE_IDENTIFIER = dev.claytonhomes.CameraTesting;
				PRODUCT_NAME = "$(TARGET_NAME)";
				SWIFT_OBJC_BRIDGING_HEADER = "";
			};
			name = Release;
		};
/* End XCBuildConfiguration section */

/* Begin XCConfigurationList section */
		81FA0C5E1C80F0E500A8344F /* Build configuration list for PBXProject "CameraTesting" */ = {
			isa = XCConfigurationList;
			buildConfigurations = (
				81FA0C761C80F0E500A8344F /* Debug */,
				81FA0C771C80F0E500A8344F /* Release */,
			);
			defaultConfigurationIsVisible = 0;
			defaultConfigurationName = Release;
		};
		81FA0C781C80F0E500A8344F /* Build configuration list for PBXNativeTarget "CameraTesting" */ = {
			isa = XCConfigurationList;
			buildConfigurations = (
				81FA0C791C80F0E500A8344F /* Debug */,
				81FA0C7A1C80F0E500A8344F /* Release */,
			);
			defaultConfigurationIsVisible = 0;
			defaultConfigurationName = Release;
		};
/* End XCConfigurationList section */

/* Begin XCVersionGroup section */
		81FA0C6D1C80F0E500A8344F /* CameraTesting.xcdatamodeld */ = {
			isa = XCVersionGroup;
			children = (
				81FA0C6E1C80F0E500A8344F /* CameraTesting.xcdatamodel */,
			);
			currentVersion = 81FA0C6E1C80F0E500A8344F /* CameraTesting.xcdatamodel */;
			path = CameraTesting.xcdatamodeld;
			sourceTree = "<group>";
			versionGroupType = wrapper.xcdatamodel;
		};
/* End XCVersionGroup section */
	};
	rootObject = 81FA0C5B1C80F0E400A8344F /* Project object */;
}
